{
  "projects": [
    {
      "projectId": "vq7XJ7DbJpq1nH6AyrrWJR",
      "version": "latest",
      "dependencies": {
        "gmeH6XgPaBtkt51HunAo4g": "18.17.0",
        "7GsYLBFUNeTrFmDS32b5nF": "2.0.4"
      },
      "lang": "ts",
      "fileLocks": [
        {
          "type": "globalVariant",
          "assetId": "ggWLQLBnNAjZ",
          "checksum": "6bc9bea94a618ef065a66c18deece2bc"
        },
        {
          "type": "renderModule",
          "assetId": "oMglkW4KgM9r",
          "checksum": "cbd35aa6e12e109f96da065db0185fde"
        },
        {
          "type": "cssRules",
          "assetId": "oMglkW4KgM9r",
          "checksum": "cbd35aa6e12e109f96da065db0185fde"
        },
        {
          "type": "icon",
          "assetId": "5YDRjSTeyzGE",
          "checksum": "d3abc8f3b94eeda39f86f92527478e4a"
        },
        {
          "type": "icon",
          "assetId": "LDPcNd9zXit1",
          "checksum": "c5e7ceb3b58b9627675a6d37ebcb9639"
        },
        {
          "type": "icon",
          "assetId": "VeTAXl46VS0H",
          "checksum": "c36dd0936b15045cfec9c07980602dd6"
        },
        {
          "type": "icon",
          "assetId": "r6Vx-a5-mCqE",
          "checksum": "d32e0edadf7d8b57bca40043a4460f5c"
        },
        {
          "type": "icon",
          "assetId": "I0dqEmIk_aax",
          "checksum": "1d5fdcb60882cf904cf346cce6e1d1ba"
        },
        {
          "type": "icon",
          "assetId": "tYdKwIELoJ9K",
          "checksum": "719cbd1eba41c50b5880fe61db7454d4"
        },
        {
          "type": "icon",
          "assetId": "7pS5oulIzmRU",
          "checksum": "40abffda50cb93e688a3c6049d11c157"
        },
        {
          "type": "icon",
          "assetId": "kssra6IqTZ0g",
          "checksum": "65dec81c7d18261d9fe45d5dad521880"
        },
        {
          "type": "icon",
          "assetId": "Z15N-HQt9-GO",
          "checksum": "103f5f563bc18cd71657662b26f1d5c1"
        },
        {
          "type": "icon",
          "assetId": "c-1T2en8lUlP",
          "checksum": "6ff4477e42a47978ba9680c7818cc47b"
        },
        {
          "type": "icon",
          "assetId": "AnqKDPLsa_5m",
          "checksum": "879a86628394d7f0db2febe262a19a83"
        },
        {
          "type": "image",
          "assetId": "OjU6anYE1bNO",
          "checksum": "a44234dc894f5d0cd0adaa6c29dce9fc"
        },
        {
          "type": "image",
          "assetId": "uHpXsmgO-cup",
          "checksum": "00668ffe9dcb60460a494da1d12c4f95"
        },
        {
          "type": "image",
          "assetId": "zWEBT-KAZBzt",
          "checksum": "d313b1b468fbc494cfdfb2edf7e7b6a6"
        },
        {
          "type": "image",
          "assetId": "8SZHGAGY5amj",
          "checksum": "25543c5e0c10a325f595e306cfc88d5b"
        },
        {
          "type": "image",
          "assetId": "bPxnL0M9Vx_V",
          "checksum": "f2c5d0c4273a58fd2f32950c7d4407ed"
        },
        {
          "type": "image",
          "assetId": "CGhE6A29B3b2",
          "checksum": "d14ec7b8ed79661c800ea59070222a3f"
        },
        {
          "type": "image",
          "assetId": "zymn8en5J9fe",
          "checksum": "3ffb329234555f0eeee231398e2721a9"
        },
        {
          "type": "image",
          "assetId": "_-O7-Mc_jjZs",
          "checksum": "b00d9e894072c835efbfef75be837ca5"
        },
        {
          "type": "image",
          "assetId": "BwIeXA4thuLk",
          "checksum": "6d7afbaf96ffedd15d93c44b8b243cc6"
        },
        {
          "type": "image",
          "assetId": "hYEPy7lIKOQm",
          "checksum": "55b034584b3c71e704377dc719cca082"
        },
        {
          "type": "image",
          "assetId": "Aei-YV8M8yzV",
          "checksum": "b22f967ce7933c80df609fc23bea7a2c"
        },
        {
          "type": "image",
          "assetId": "zFk-D2iXkfEs",
          "checksum": "c1d7c745715a2df2ce81225e949ce2df"
        },
        {
          "type": "image",
          "assetId": "WkEo3Z92VHWD",
          "checksum": "3b9eadba32bf4e0e59586586cd08c5aa"
        },
        {
          "type": "image",
          "assetId": "J9kvyw2K5vuG",
          "checksum": "df794149310c1fc7493c38b123cb4f56"
        },
        {
          "type": "image",
          "assetId": "unNM5EM8PloJ",
          "checksum": "a4a2317f8e106d3b84f5aa07fa04c7a5"
        },
        {
          "type": "icon",
          "assetId": "97RUB4jnqAQu",
          "checksum": "3f1077e31f424b537afda53c525135af"
        },
        {
          "type": "icon",
          "assetId": "t6HSYjWD_fxj",
          "checksum": "6b34bf20994932173709ed3842d2c581"
        },
        {
          "type": "image",
          "assetId": "sinJqIFNnFFz",
          "checksum": "82f35c5c9c2bf5a0c1df29ab2ac5ff38"
        },
        {
          "type": "image",
          "assetId": "NtGmf4Yl7T6R",
          "checksum": "9a997224a377cd5d215a010b9b1412ed"
        },
        {
          "assetId": "vq7XJ7DbJpq1nH6AyrrWJR",
          "type": "projectCss",
          "checksum": "680f2500624501ff133ed6630048f1cf"
        },
        {
          "type": "icon",
          "assetId": "nHpIsy9gSEtA",
          "checksum": "dcdd955a8c6fe31080b8cc63fdfe1e7a"
        },
        {
          "type": "icon",
          "assetId": "mtinV-a5FmX1",
          "checksum": "2081bd078f485a9ba73db67c74118f84"
        }
      ],
      "codegenVersion": "0.0.1"
    },
    {
      "projectId": "gmeH6XgPaBtkt51HunAo4g",
      "version": "18.17.0",
      "dependencies": {},
      "lang": "ts",
      "fileLocks": [
        {
          "assetId": "gmeH6XgPaBtkt51HunAo4g",
          "type": "projectCss",
          "checksum": "1c02168c6b23256606111fdfdbb63549"
        }
      ],
      "codegenVersion": "0.0.1"
    },
    {
      "projectId": "7GsYLBFUNeTrFmDS32b5nF",
      "version": "2.0.4",
      "dependencies": {
        "gmeH6XgPaBtkt51HunAo4g": "18.17.0"
      },
      "lang": "ts",
      "fileLocks": [
        {
          "type": "globalVariant",
          "assetId": "Iatb7rnTn0Gb",
          "checksum": "d163cacb86960aa1c02ec01c1a47743d"
        },
        {
          "assetId": "7GsYLBFUNeTrFmDS32b5nF",
          "type": "projectCss",
          "checksum": "660d0ac9f88fbc37a4df7a12e20344f1"
        },
        {
          "type": "renderModule",
          "assetId": "C-aKeh77M_Fc",
          "checksum": "a7586dddfedaa8d43c3e310999a681f4"
        },
        {
          "type": "cssRules",
          "assetId": "C-aKeh77M_Fc",
          "checksum": "a7586dddfedaa8d43c3e310999a681f4"
        },
        {
          "type": "renderModule",
          "assetId": "lE1d1W0XvqOk",
          "checksum": "40e5e06cd833546262e54cd5c4573024"
        },
        {
          "type": "cssRules",
          "assetId": "lE1d1W0XvqOk",
          "checksum": "40e5e06cd833546262e54cd5c4573024"
        },
        {
          "type": "renderModule",
          "assetId": "pYryLA7Ql_9H",
          "checksum": "d0f14694d944a531a6826d675bd3575d"
        },
        {
          "type": "cssRules",
          "assetId": "pYryLA7Ql_9H",
          "checksum": "d0f14694d944a531a6826d675bd3575d"
        },
        {
          "type": "icon",
          "assetId": "BRJKlgPZY5dP",
          "checksum": "5171dd05b28b0f24cad2d3c1069aa602"
        },
        {
          "type": "icon",
          "assetId": "xOVurHuQ1b96",
          "checksum": "4a59df7de9f6acb599d40843cba4fddc"
        },
        {
          "type": "icon",
          "assetId": "LTmJofUCzbwm",
          "checksum": "dd418d5efcd5c35b0f200d8210b41c3f"
        },
        {
          "type": "icon",
          "assetId": "RdiUZcJhuxJt",
          "checksum": "630604b47eee80e71d2b89f1df09aa7f"
        },
        {
          "type": "icon",
          "assetId": "67GB6jJiG4Ll",
          "checksum": "c32a64da16b3a000a1f0dd7c8256cc4f"
        },
        {
          "type": "icon",
          "assetId": "oNU6DjcOt9pW",
          "checksum": "253bceb5b19cdd78b0b278be120ea796"
        },
        {
          "type": "icon",
          "assetId": "kXhQ4IRI9qcd",
          "checksum": "84b5fea2275441c9a01a0c0ae2c1a58a"
        },
        {
          "type": "icon",
          "assetId": "63aLwty0bF81",
          "checksum": "0178a6ac3bb6d0f4836efe96f4dddec2"
        },
        {
          "type": "icon",
          "assetId": "TtgL1CcSOm0h",
          "checksum": "a4e28876daaaa1df9466227e4f066884"
        },
        {
          "type": "image",
          "assetId": "AmiD43k60hoU",
          "checksum": "0546906d043f28c0f34805885147763c"
        },
        {
          "type": "image",
          "assetId": "P2z_6YxRXbeS",
          "checksum": "2309cc4c970c6a2f87c92cf301d0a2a1"
        },
        {
          "type": "image",
          "assetId": "PUWBkAVKFHaS",
          "checksum": "c62705fea78a5732bdcdf5081bb7c7cd"
        }
      ],
      "codegenVersion": "0.0.1"
    }
  ],
  "cliVersion": "0.1.338"
}
